// !$*UTF8*$!
{
	archiveVersion = 1;
	classes = {
	};
	objectVersion = 56;
	objects = {

/* Begin PBXBuildFile section */
		4630C75B2B2619B40008AE2C /* AppDelegate.swift in Sources */ = {isa = PBXBuildFile; fileRef = 4630C75A2B2619B40008AE2C /* AppDelegate.swift */; };
		4630C75D2B2619B40008AE2C /* SceneDelegate.swift in Sources */ = {isa = PBXBuildFile; fileRef = 4630C75C2B2619B40008AE2C /* SceneDelegate.swift */; };
		4630C7642B2619B50008AE2C /* Assets.xcassets in Resources */ = {isa = PBXBuildFile; fileRef = 4630C7632B2619B50008AE2C /* Assets.xcassets */; };
		4630C7672B2619B50008AE2C /* LaunchScreen.storyboard in Resources */ = {isa = PBXBuildFile; fileRef = 4630C7652B2619B50008AE2C /* LaunchScreen.storyboard */; };
		4630C7772B2623FD0008AE2C /* HomeModuleBuilder.swift in Sources */ = {isa = PBXBuildFile; fileRef = 4630C7722B2623FD0008AE2C /* HomeModuleBuilder.swift */; };
		4630C7782B2623FD0008AE2C /* HomePresenter.swift in Sources */ = {isa = PBXBuildFile; fileRef = 4630C7732B2623FD0008AE2C /* HomePresenter.swift */; };
		4630C7792B2623FD0008AE2C /* HomeRouter.swift in Sources */ = {isa = PBXBuildFile; fileRef = 4630C7742B2623FD0008AE2C /* HomeRouter.swift */; };
		4630C77A2B2623FD0008AE2C /* HomeViewController.swift in Sources */ = {isa = PBXBuildFile; fileRef = 4630C7752B2623FD0008AE2C /* HomeViewController.swift */; };
		4630C77B2B2623FD0008AE2C /* HomeInteractor.swift in Sources */ = {isa = PBXBuildFile; fileRef = 4630C7762B2623FD0008AE2C /* HomeInteractor.swift */; };
		4630C77F2B262A460008AE2C /* ImageProvider.swift in Sources */ = {isa = PBXBuildFile; fileRef = 4630C77E2B262A460008AE2C /* ImageProvider.swift */; };
		4630C7822B2633AE0008AE2C /* SnapKit in Frameworks */ = {isa = PBXBuildFile; productRef = 4630C7812B2633AE0008AE2C /* SnapKit */; };
		4630C7882B2755F40008AE2C /* GreetingProvider.swift in Sources */ = {isa = PBXBuildFile; fileRef = 4630C7872B2755F40008AE2C /* GreetingProvider.swift */; };
		4630C78D2B2757720008AE2C /* Extension+UIFont.swift in Sources */ = {isa = PBXBuildFile; fileRef = 4630C78C2B2757720008AE2C /* Extension+UIFont.swift */; };
		4630C78F2B275A4F0008AE2C /* CustomImageButton.swift in Sources */ = {isa = PBXBuildFile; fileRef = 4630C78E2B275A4F0008AE2C /* CustomImageButton.swift */; };
		4630C7912B275AB70008AE2C /* CustomLabel.swift in Sources */ = {isa = PBXBuildFile; fileRef = 4630C7902B275AB70008AE2C /* CustomLabel.swift */; };
		4630C7932B27638B0008AE2C /* WeatherInfoSection.swift in Sources */ = {isa = PBXBuildFile; fileRef = 4630C7922B27638B0008AE2C /* WeatherInfoSection.swift */; };
		4630C7992B2767E50008AE2C /* Endpoints.swift in Sources */ = {isa = PBXBuildFile; fileRef = 4630C7982B2767E50008AE2C /* Endpoints.swift */; };
		4630C79B2B276ED40008AE2C /* WeatherApiManager.swift in Sources */ = {isa = PBXBuildFile; fileRef = 4630C79A2B276ED40008AE2C /* WeatherApiManager.swift */; };
		4630C79E2B276FBE0008AE2C /* WeatherData.swift in Sources */ = {isa = PBXBuildFile; fileRef = 4630C79D2B276FBE0008AE2C /* WeatherData.swift */; };
		4630C7A52B2774F30008AE2C /* Alamofire in Frameworks */ = {isa = PBXBuildFile; productRef = 4630C7A42B2774F30008AE2C /* Alamofire */; };
		4630C7A82B286CF50008AE2C /* GardenHeader.swift in Sources */ = {isa = PBXBuildFile; fileRef = 4630C7A72B286CF50008AE2C /* GardenHeader.swift */; };
		4630C7AB2B287A690008AE2C /* PlantCell.swift in Sources */ = {isa = PBXBuildFile; fileRef = 4630C7AA2B287A690008AE2C /* PlantCell.swift */; };
		4630C7AD2B287EE20008AE2C /* PlantViewModel.swift in Sources */ = {isa = PBXBuildFile; fileRef = 4630C7AC2B287EE20008AE2C /* PlantViewModel.swift */; };
		4630C7AF2B289DD20008AE2C /* ButtonView.swift in Sources */ = {isa = PBXBuildFile; fileRef = 4630C7AE2B289DD20008AE2C /* ButtonView.swift */; };
		4630C7B22B289F370008AE2C /* ShadowImageView.swift in Sources */ = {isa = PBXBuildFile; fileRef = 4630C7B12B289F370008AE2C /* ShadowImageView.swift */; };
		4630C7B42B28A0C00008AE2C /* GreetingsView.swift in Sources */ = {isa = PBXBuildFile; fileRef = 4630C7B32B28A0C00008AE2C /* GreetingsView.swift */; };
		4630C7B72B28A2E90008AE2C /* WeatherInfoView.swift in Sources */ = {isa = PBXBuildFile; fileRef = 4630C7B62B28A2E90008AE2C /* WeatherInfoView.swift */; };
		4630C7B92B28B1330008AE2C /* HomeModuleEventsDelegate.swift in Sources */ = {isa = PBXBuildFile; fileRef = 4630C7B82B28B1330008AE2C /* HomeModuleEventsDelegate.swift */; };
		4630C7CC2B28B7D00008AE2C /* NewPlantModuleBuilder.swift in Sources */ = {isa = PBXBuildFile; fileRef = 4630C7C72B28B7D00008AE2C /* NewPlantModuleBuilder.swift */; };
		4630C7CD2B28B7D00008AE2C /* NewPlantPresenter.swift in Sources */ = {isa = PBXBuildFile; fileRef = 4630C7C82B28B7D00008AE2C /* NewPlantPresenter.swift */; };
		4630C7CE2B28B7D00008AE2C /* NewPlantRouter.swift in Sources */ = {isa = PBXBuildFile; fileRef = 4630C7C92B28B7D00008AE2C /* NewPlantRouter.swift */; };
		4630C7CF2B28B7D00008AE2C /* NewPlantViewController.swift in Sources */ = {isa = PBXBuildFile; fileRef = 4630C7CA2B28B7D00008AE2C /* NewPlantViewController.swift */; };
		4630C7D02B28B7D00008AE2C /* NewPlantInteractor.swift in Sources */ = {isa = PBXBuildFile; fileRef = 4630C7CB2B28B7D00008AE2C /* NewPlantInteractor.swift */; };
		4630C7D42B28CBA20008AE2C /* CustomTextField.swift in Sources */ = {isa = PBXBuildFile; fileRef = 4630C7D32B28CBA20008AE2C /* CustomTextField.swift */; };
		4630C7D62B28D1FD0008AE2C /* CustomTextButton.swift in Sources */ = {isa = PBXBuildFile; fileRef = 4630C7D52B28D1FD0008AE2C /* CustomTextButton.swift */; };
		4630C7D82B28DFE90008AE2C /* CustomTextView.swift in Sources */ = {isa = PBXBuildFile; fileRef = 4630C7D72B28DFE90008AE2C /* CustomTextView.swift */; };
		464369E72B3DB9B000C8ECA4 /* CalendarCell.swift in Sources */ = {isa = PBXBuildFile; fileRef = 464369E62B3DB9B000C8ECA4 /* CalendarCell.swift */; };
		464BCE402B359DC20016E126 /* PlantsTasksModuleBuilder.swift in Sources */ = {isa = PBXBuildFile; fileRef = 464BCE3B2B359DC20016E126 /* PlantsTasksModuleBuilder.swift */; };
		464BCE412B359DC20016E126 /* PlantsTasksPresenter.swift in Sources */ = {isa = PBXBuildFile; fileRef = 464BCE3C2B359DC20016E126 /* PlantsTasksPresenter.swift */; };
		464BCE422B359DC20016E126 /* PlantsTasksRouter.swift in Sources */ = {isa = PBXBuildFile; fileRef = 464BCE3D2B359DC20016E126 /* PlantsTasksRouter.swift */; };
		464BCE432B359DC20016E126 /* PlantsTasksViewController.swift in Sources */ = {isa = PBXBuildFile; fileRef = 464BCE3E2B359DC20016E126 /* PlantsTasksViewController.swift */; };
		464BCE442B359DC20016E126 /* PlantsTasksInteractor.swift in Sources */ = {isa = PBXBuildFile; fileRef = 464BCE3F2B359DC20016E126 /* PlantsTasksInteractor.swift */; };
		4669F1122B444AEA000ED694 /* TaskCell.swift in Sources */ = {isa = PBXBuildFile; fileRef = 4669F1112B444AEA000ED694 /* TaskCell.swift */; };
		468883902B2B145500B8CA80 /* CustomImageView.swift in Sources */ = {isa = PBXBuildFile; fileRef = 4688838F2B2B145500B8CA80 /* CustomImageView.swift */; };
		468883922B2B22E400B8CA80 /* PlantObject.swift in Sources */ = {isa = PBXBuildFile; fileRef = 468883912B2B22E400B8CA80 /* PlantObject.swift */; };
		468883A02B2CD44900B8CA80 /* GardenInfoModuleBuilder.swift in Sources */ = {isa = PBXBuildFile; fileRef = 4688839B2B2CD44900B8CA80 /* GardenInfoModuleBuilder.swift */; };
		468883A12B2CD44900B8CA80 /* GardenInfoPresenter.swift in Sources */ = {isa = PBXBuildFile; fileRef = 4688839C2B2CD44900B8CA80 /* GardenInfoPresenter.swift */; };
		468883A22B2CD44900B8CA80 /* GardenInfoRouter.swift in Sources */ = {isa = PBXBuildFile; fileRef = 4688839D2B2CD44900B8CA80 /* GardenInfoRouter.swift */; };
		468883A32B2CD44900B8CA80 /* GardenInfoViewController.swift in Sources */ = {isa = PBXBuildFile; fileRef = 4688839E2B2CD44900B8CA80 /* GardenInfoViewController.swift */; };
		468883A42B2CD44900B8CA80 /* GardenInfoInteractor.swift in Sources */ = {isa = PBXBuildFile; fileRef = 4688839F2B2CD44900B8CA80 /* GardenInfoInteractor.swift */; };
		46CE46D02B38A60D0013BA95 /* Realm in Frameworks */ = {isa = PBXBuildFile; productRef = 46CE46CF2B38A60D0013BA95 /* Realm */; };
		46CE46D22B38A60D0013BA95 /* RealmSwift in Frameworks */ = {isa = PBXBuildFile; productRef = 46CE46D12B38A60D0013BA95 /* RealmSwift */; };
/* End PBXBuildFile section */

/* Begin PBXFileReference section */
		4630C7572B2619B40008AE2C /* GardeningApp.app */ = {isa = PBXFileReference; explicitFileType = wrapper.application; includeInIndex = 0; path = GardeningApp.app; sourceTree = BUILT_PRODUCTS_DIR; };
		4630C75A2B2619B40008AE2C /* AppDelegate.swift */ = {isa = PBXFileReference; lastKnownFileType = sourcecode.swift; path = AppDelegate.swift; sourceTree = "<group>"; };
		4630C75C2B2619B40008AE2C /* SceneDelegate.swift */ = {isa = PBXFileReference; lastKnownFileType = sourcecode.swift; path = SceneDelegate.swift; sourceTree = "<group>"; };
		4630C7632B2619B50008AE2C /* Assets.xcassets */ = {isa = PBXFileReference; lastKnownFileType = folder.assetcatalog; path = Assets.xcassets; sourceTree = "<group>"; };
		4630C7662B2619B50008AE2C /* Base */ = {isa = PBXFileReference; lastKnownFileType = file.storyboard; name = Base; path = Base.lproj/LaunchScreen.storyboard; sourceTree = "<group>"; };
		4630C7682B2619B50008AE2C /* Info.plist */ = {isa = PBXFileReference; lastKnownFileType = text.plist.xml; path = Info.plist; sourceTree = "<group>"; };
		4630C7722B2623FD0008AE2C /* HomeModuleBuilder.swift */ = {isa = PBXFileReference; lastKnownFileType = sourcecode.swift; path = HomeModuleBuilder.swift; sourceTree = "<group>"; };
		4630C7732B2623FD0008AE2C /* HomePresenter.swift */ = {isa = PBXFileReference; lastKnownFileType = sourcecode.swift; path = HomePresenter.swift; sourceTree = "<group>"; };
		4630C7742B2623FD0008AE2C /* HomeRouter.swift */ = {isa = PBXFileReference; lastKnownFileType = sourcecode.swift; path = HomeRouter.swift; sourceTree = "<group>"; };
		4630C7752B2623FD0008AE2C /* HomeViewController.swift */ = {isa = PBXFileReference; lastKnownFileType = sourcecode.swift; path = HomeViewController.swift; sourceTree = "<group>"; };
		4630C7762B2623FD0008AE2C /* HomeInteractor.swift */ = {isa = PBXFileReference; lastKnownFileType = sourcecode.swift; path = HomeInteractor.swift; sourceTree = "<group>"; };
		4630C77E2B262A460008AE2C /* ImageProvider.swift */ = {isa = PBXFileReference; lastKnownFileType = sourcecode.swift; path = ImageProvider.swift; sourceTree = "<group>"; };
		4630C7872B2755F40008AE2C /* GreetingProvider.swift */ = {isa = PBXFileReference; lastKnownFileType = sourcecode.swift; path = GreetingProvider.swift; sourceTree = "<group>"; };
		4630C78C2B2757720008AE2C /* Extension+UIFont.swift */ = {isa = PBXFileReference; lastKnownFileType = sourcecode.swift; path = "Extension+UIFont.swift"; sourceTree = "<group>"; };
		4630C78E2B275A4F0008AE2C /* CustomImageButton.swift */ = {isa = PBXFileReference; lastKnownFileType = sourcecode.swift; path = CustomImageButton.swift; sourceTree = "<group>"; };
		4630C7902B275AB70008AE2C /* CustomLabel.swift */ = {isa = PBXFileReference; lastKnownFileType = sourcecode.swift; path = CustomLabel.swift; sourceTree = "<group>"; };
		4630C7922B27638B0008AE2C /* WeatherInfoSection.swift */ = {isa = PBXFileReference; lastKnownFileType = sourcecode.swift; path = WeatherInfoSection.swift; sourceTree = "<group>"; };
		4630C7982B2767E50008AE2C /* Endpoints.swift */ = {isa = PBXFileReference; lastKnownFileType = sourcecode.swift; path = Endpoints.swift; sourceTree = "<group>"; };
		4630C79A2B276ED40008AE2C /* WeatherApiManager.swift */ = {isa = PBXFileReference; lastKnownFileType = sourcecode.swift; path = WeatherApiManager.swift; sourceTree = "<group>"; };
		4630C79D2B276FBE0008AE2C /* WeatherData.swift */ = {isa = PBXFileReference; lastKnownFileType = sourcecode.swift; path = WeatherData.swift; sourceTree = "<group>"; };
		4630C7A72B286CF50008AE2C /* GardenHeader.swift */ = {isa = PBXFileReference; lastKnownFileType = sourcecode.swift; path = GardenHeader.swift; sourceTree = "<group>"; };
		4630C7AA2B287A690008AE2C /* PlantCell.swift */ = {isa = PBXFileReference; lastKnownFileType = sourcecode.swift; path = PlantCell.swift; sourceTree = "<group>"; };
		4630C7AC2B287EE20008AE2C /* PlantViewModel.swift */ = {isa = PBXFileReference; lastKnownFileType = sourcecode.swift; path = PlantViewModel.swift; sourceTree = "<group>"; };
		4630C7AE2B289DD20008AE2C /* ButtonView.swift */ = {isa = PBXFileReference; lastKnownFileType = sourcecode.swift; path = ButtonView.swift; sourceTree = "<group>"; };
		4630C7B12B289F370008AE2C /* ShadowImageView.swift */ = {isa = PBXFileReference; lastKnownFileType = sourcecode.swift; path = ShadowImageView.swift; sourceTree = "<group>"; };
		4630C7B32B28A0C00008AE2C /* GreetingsView.swift */ = {isa = PBXFileReference; lastKnownFileType = sourcecode.swift; path = GreetingsView.swift; sourceTree = "<group>"; };
		4630C7B62B28A2E90008AE2C /* WeatherInfoView.swift */ = {isa = PBXFileReference; lastKnownFileType = sourcecode.swift; path = WeatherInfoView.swift; sourceTree = "<group>"; };
		4630C7B82B28B1330008AE2C /* HomeModuleEventsDelegate.swift */ = {isa = PBXFileReference; lastKnownFileType = sourcecode.swift; path = HomeModuleEventsDelegate.swift; sourceTree = "<group>"; };
		4630C7C72B28B7D00008AE2C /* NewPlantModuleBuilder.swift */ = {isa = PBXFileReference; lastKnownFileType = sourcecode.swift; path = NewPlantModuleBuilder.swift; sourceTree = "<group>"; };
		4630C7C82B28B7D00008AE2C /* NewPlantPresenter.swift */ = {isa = PBXFileReference; lastKnownFileType = sourcecode.swift; path = NewPlantPresenter.swift; sourceTree = "<group>"; };
		4630C7C92B28B7D00008AE2C /* NewPlantRouter.swift */ = {isa = PBXFileReference; lastKnownFileType = sourcecode.swift; path = NewPlantRouter.swift; sourceTree = "<group>"; };
		4630C7CA2B28B7D00008AE2C /* NewPlantViewController.swift */ = {isa = PBXFileReference; lastKnownFileType = sourcecode.swift; path = NewPlantViewController.swift; sourceTree = "<group>"; };
		4630C7CB2B28B7D00008AE2C /* NewPlantInteractor.swift */ = {isa = PBXFileReference; lastKnownFileType = sourcecode.swift; path = NewPlantInteractor.swift; sourceTree = "<group>"; };
		4630C7D32B28CBA20008AE2C /* CustomTextField.swift */ = {isa = PBXFileReference; lastKnownFileType = sourcecode.swift; path = CustomTextField.swift; sourceTree = "<group>"; };
		4630C7D52B28D1FD0008AE2C /* CustomTextButton.swift */ = {isa = PBXFileReference; lastKnownFileType = sourcecode.swift; path = CustomTextButton.swift; sourceTree = "<group>"; };
		4630C7D72B28DFE90008AE2C /* CustomTextView.swift */ = {isa = PBXFileReference; lastKnownFileType = sourcecode.swift; path = CustomTextView.swift; sourceTree = "<group>"; };
		464369E62B3DB9B000C8ECA4 /* CalendarCell.swift */ = {isa = PBXFileReference; lastKnownFileType = sourcecode.swift; path = CalendarCell.swift; sourceTree = "<group>"; };
		464BCE3B2B359DC20016E126 /* PlantsTasksModuleBuilder.swift */ = {isa = PBXFileReference; lastKnownFileType = sourcecode.swift; path = PlantsTasksModuleBuilder.swift; sourceTree = "<group>"; };
		464BCE3C2B359DC20016E126 /* PlantsTasksPresenter.swift */ = {isa = PBXFileReference; lastKnownFileType = sourcecode.swift; path = PlantsTasksPresenter.swift; sourceTree = "<group>"; };
		464BCE3D2B359DC20016E126 /* PlantsTasksRouter.swift */ = {isa = PBXFileReference; lastKnownFileType = sourcecode.swift; path = PlantsTasksRouter.swift; sourceTree = "<group>"; };
		464BCE3E2B359DC20016E126 /* PlantsTasksViewController.swift */ = {isa = PBXFileReference; lastKnownFileType = sourcecode.swift; path = PlantsTasksViewController.swift; sourceTree = "<group>"; };
		464BCE3F2B359DC20016E126 /* PlantsTasksInteractor.swift */ = {isa = PBXFileReference; lastKnownFileType = sourcecode.swift; path = PlantsTasksInteractor.swift; sourceTree = "<group>"; };
		4669F1112B444AEA000ED694 /* TaskCell.swift */ = {isa = PBXFileReference; lastKnownFileType = sourcecode.swift; path = TaskCell.swift; sourceTree = "<group>"; };
		4688838F2B2B145500B8CA80 /* CustomImageView.swift */ = {isa = PBXFileReference; lastKnownFileType = sourcecode.swift; path = CustomImageView.swift; sourceTree = "<group>"; };
		468883912B2B22E400B8CA80 /* PlantObject.swift */ = {isa = PBXFileReference; lastKnownFileType = sourcecode.swift; path = PlantObject.swift; sourceTree = "<group>"; };
		4688839B2B2CD44900B8CA80 /* GardenInfoModuleBuilder.swift */ = {isa = PBXFileReference; lastKnownFileType = sourcecode.swift; path = GardenInfoModuleBuilder.swift; sourceTree = "<group>"; };
		4688839C2B2CD44900B8CA80 /* GardenInfoPresenter.swift */ = {isa = PBXFileReference; lastKnownFileType = sourcecode.swift; path = GardenInfoPresenter.swift; sourceTree = "<group>"; };
		4688839D2B2CD44900B8CA80 /* GardenInfoRouter.swift */ = {isa = PBXFileReference; lastKnownFileType = sourcecode.swift; path = GardenInfoRouter.swift; sourceTree = "<group>"; };
		4688839E2B2CD44900B8CA80 /* GardenInfoViewController.swift */ = {isa = PBXFileReference; lastKnownFileType = sourcecode.swift; path = GardenInfoViewController.swift; sourceTree = "<group>"; };
		4688839F2B2CD44900B8CA80 /* GardenInfoInteractor.swift */ = {isa = PBXFileReference; lastKnownFileType = sourcecode.swift; path = GardenInfoInteractor.swift; sourceTree = "<group>"; };
/* End PBXFileReference section */

/* Begin PBXFrameworksBuildPhase section */
		4630C7542B2619B40008AE2C /* Frameworks */ = {
			isa = PBXFrameworksBuildPhase;
			buildActionMask = 2147483647;
			files = (
				46CE46D22B38A60D0013BA95 /* RealmSwift in Frameworks */,
				46CE46D02B38A60D0013BA95 /* Realm in Frameworks */,
				4630C7822B2633AE0008AE2C /* SnapKit in Frameworks */,
				4630C7A52B2774F30008AE2C /* Alamofire in Frameworks */,
			);
			runOnlyForDeploymentPostprocessing = 0;
		};
/* End PBXFrameworksBuildPhase section */

/* Begin PBXGroup section */
		4630C74E2B2619B40008AE2C = {
			isa = PBXGroup;
			children = (
				4630C7592B2619B40008AE2C /* GardeningApp */,
				4630C7582B2619B40008AE2C /* Products */,
			);
			sourceTree = "<group>";
		};
		4630C7582B2619B40008AE2C /* Products */ = {
			isa = PBXGroup;
			children = (
				4630C7572B2619B40008AE2C /* GardeningApp.app */,
			);
			name = Products;
			sourceTree = "<group>";
		};
		4630C7592B2619B40008AE2C /* GardeningApp */ = {
			isa = PBXGroup;
			children = (
				4630C79C2B276FB40008AE2C /* Entities */,
				4630C7942B2767320008AE2C /* Api */,
				4630C7892B2757220008AE2C /* Exntensions */,
				4630C7852B2755580008AE2C /* Providers */,
				4630C76F2B2619FE0008AE2C /* Application */,
				4630C7702B261A0A0008AE2C /* Modules */,
				4630C76E2B2619D90008AE2C /* Resources */,
			);
			path = GardeningApp;
			sourceTree = "<group>";
		};
		4630C76E2B2619D90008AE2C /* Resources */ = {
			isa = PBXGroup;
			children = (
				4630C7632B2619B50008AE2C /* Assets.xcassets */,
				4630C7652B2619B50008AE2C /* LaunchScreen.storyboard */,
				4630C7682B2619B50008AE2C /* Info.plist */,
			);
			path = Resources;
			sourceTree = "<group>";
		};
		4630C76F2B2619FE0008AE2C /* Application */ = {
			isa = PBXGroup;
			children = (
				4630C75A2B2619B40008AE2C /* AppDelegate.swift */,
				4630C75C2B2619B40008AE2C /* SceneDelegate.swift */,
			);
			path = Application;
			sourceTree = "<group>";
		};
		4630C7702B261A0A0008AE2C /* Modules */ = {
			isa = PBXGroup;
			children = (
				464BCE3A2B359D7D0016E126 /* PlantsTasks */,
				4630C7B52B28A1A70008AE2C /* CustomViews */,
				4688839A2B2CD41C00B8CA80 /* GardenInfo */,
				4630C7C62B28B7B50008AE2C /* NewPlant */,
				4630C7712B261A140008AE2C /* Home */,
			);
			path = Modules;
			sourceTree = "<group>";
		};
		4630C7712B261A140008AE2C /* Home */ = {
			isa = PBXGroup;
			children = (
				4630C77C2B2625AA0008AE2C /* Views */,
				4630C7722B2623FD0008AE2C /* HomeModuleBuilder.swift */,
				4630C7732B2623FD0008AE2C /* HomePresenter.swift */,
				4630C7742B2623FD0008AE2C /* HomeRouter.swift */,
				4630C7752B2623FD0008AE2C /* HomeViewController.swift */,
				4630C7762B2623FD0008AE2C /* HomeInteractor.swift */,
				4630C7B82B28B1330008AE2C /* HomeModuleEventsDelegate.swift */,
			);
			path = Home;
			sourceTree = "<group>";
		};
		4630C77C2B2625AA0008AE2C /* Views */ = {
			isa = PBXGroup;
			children = (
				4630C7A92B287A4F0008AE2C /* PlantCell */,
				4630C7AE2B289DD20008AE2C /* ButtonView.swift */,
				4630C7B32B28A0C00008AE2C /* GreetingsView.swift */,
				4630C7B12B289F370008AE2C /* ShadowImageView.swift */,
				4630C7B62B28A2E90008AE2C /* WeatherInfoView.swift */,
				4630C7922B27638B0008AE2C /* WeatherInfoSection.swift */,
				4630C7A72B286CF50008AE2C /* GardenHeader.swift */,
			);
			path = Views;
			sourceTree = "<group>";
		};
		4630C77D2B2628580008AE2C /* ImageProvider */ = {
			isa = PBXGroup;
			children = (
				4630C77E2B262A460008AE2C /* ImageProvider.swift */,
			);
			path = ImageProvider;
			sourceTree = "<group>";
		};
		4630C7852B2755580008AE2C /* Providers */ = {
			isa = PBXGroup;
			children = (
				4630C7862B2755600008AE2C /* GreetingProvider */,
				4630C77D2B2628580008AE2C /* ImageProvider */,
			);
			path = Providers;
			sourceTree = "<group>";
		};
		4630C7862B2755600008AE2C /* GreetingProvider */ = {
			isa = PBXGroup;
			children = (
				4630C7872B2755F40008AE2C /* GreetingProvider.swift */,
			);
			path = GreetingProvider;
			sourceTree = "<group>";
		};
		4630C7892B2757220008AE2C /* Exntensions */ = {
			isa = PBXGroup;
			children = (
				4630C78C2B2757720008AE2C /* Extension+UIFont.swift */,
			);
			path = Exntensions;
			sourceTree = "<group>";
		};
		4630C7942B2767320008AE2C /* Api */ = {
			isa = PBXGroup;
			children = (
				4630C7952B2767B00008AE2C /* WeatherApi */,
			);
			path = Api;
			sourceTree = "<group>";
		};
		4630C7952B2767B00008AE2C /* WeatherApi */ = {
			isa = PBXGroup;
			children = (
				4630C7982B2767E50008AE2C /* Endpoints.swift */,
				4630C79A2B276ED40008AE2C /* WeatherApiManager.swift */,
			);
			path = WeatherApi;
			sourceTree = "<group>";
		};
		4630C79C2B276FB40008AE2C /* Entities */ = {
			isa = PBXGroup;
			children = (
				4630C79D2B276FBE0008AE2C /* WeatherData.swift */,
				4630C7AC2B287EE20008AE2C /* PlantViewModel.swift */,
				468883912B2B22E400B8CA80 /* PlantObject.swift */,
			);
			path = Entities;
			sourceTree = "<group>";
		};
		4630C7A92B287A4F0008AE2C /* PlantCell */ = {
			isa = PBXGroup;
			children = (
				4630C7AA2B287A690008AE2C /* PlantCell.swift */,
			);
			path = PlantCell;
			sourceTree = "<group>";
		};
		4630C7B52B28A1A70008AE2C /* CustomViews */ = {
			isa = PBXGroup;
			children = (
				4630C7D32B28CBA20008AE2C /* CustomTextField.swift */,
				4630C78E2B275A4F0008AE2C /* CustomImageButton.swift */,
				4630C7902B275AB70008AE2C /* CustomLabel.swift */,
				4630C7D52B28D1FD0008AE2C /* CustomTextButton.swift */,
				4630C7D72B28DFE90008AE2C /* CustomTextView.swift */,
				4688838F2B2B145500B8CA80 /* CustomImageView.swift */,
			);
			path = CustomViews;
			sourceTree = "<group>";
		};
		4630C7C62B28B7B50008AE2C /* NewPlant */ = {
			isa = PBXGroup;
			children = (
				4630C7C72B28B7D00008AE2C /* NewPlantModuleBuilder.swift */,
				4630C7C82B28B7D00008AE2C /* NewPlantPresenter.swift */,
				4630C7C92B28B7D00008AE2C /* NewPlantRouter.swift */,
				4630C7CA2B28B7D00008AE2C /* NewPlantViewController.swift */,
				4630C7CB2B28B7D00008AE2C /* NewPlantInteractor.swift */,
			);
			path = NewPlant;
			sourceTree = "<group>";
		};
		464BCE3A2B359D7D0016E126 /* PlantsTasks */ = {
			isa = PBXGroup;
			children = (
				464BCE842B3861F20016E126 /* Views */,
				464BCE3B2B359DC20016E126 /* PlantsTasksModuleBuilder.swift */,
				464BCE3C2B359DC20016E126 /* PlantsTasksPresenter.swift */,
				464BCE3D2B359DC20016E126 /* PlantsTasksRouter.swift */,
				464BCE3E2B359DC20016E126 /* PlantsTasksViewController.swift */,
				464BCE3F2B359DC20016E126 /* PlantsTasksInteractor.swift */,
			);
			path = PlantsTasks;
			sourceTree = "<group>";
		};
		464BCE842B3861F20016E126 /* Views */ = {
			isa = PBXGroup;
			children = (
				464369E62B3DB9B000C8ECA4 /* CalendarCell.swift */,
				4669F1112B444AEA000ED694 /* TaskCell.swift */,
			);
			path = Views;
			sourceTree = "<group>";
		};
		4688839A2B2CD41C00B8CA80 /* GardenInfo */ = {
			isa = PBXGroup;
			children = (
				4688839B2B2CD44900B8CA80 /* GardenInfoModuleBuilder.swift */,
				4688839C2B2CD44900B8CA80 /* GardenInfoPresenter.swift */,
				4688839D2B2CD44900B8CA80 /* GardenInfoRouter.swift */,
				4688839E2B2CD44900B8CA80 /* GardenInfoViewController.swift */,
				4688839F2B2CD44900B8CA80 /* GardenInfoInteractor.swift */,
			);
			path = GardenInfo;
			sourceTree = "<group>";
		};
/* End PBXGroup section */

/* Begin PBXNativeTarget section */
		4630C7562B2619B40008AE2C /* GardeningApp */ = {
			isa = PBXNativeTarget;
			buildConfigurationList = 4630C76B2B2619B50008AE2C /* Build configuration list for PBXNativeTarget "GardeningApp" */;
			buildPhases = (
				4630C7532B2619B40008AE2C /* Sources */,
				4630C7542B2619B40008AE2C /* Frameworks */,
				4630C7552B2619B40008AE2C /* Resources */,
			);
			buildRules = (
			);
			dependencies = (
			);
			name = GardeningApp;
			packageProductDependencies = (
				4630C7812B2633AE0008AE2C /* SnapKit */,
				4630C7A42B2774F30008AE2C /* Alamofire */,
				46CE46CF2B38A60D0013BA95 /* Realm */,
				46CE46D12B38A60D0013BA95 /* RealmSwift */,
			);
			productName = GardeningApp;
			productReference = 4630C7572B2619B40008AE2C /* GardeningApp.app */;
			productType = "com.apple.product-type.application";
		};
/* End PBXNativeTarget section */

/* Begin PBXProject section */
		4630C74F2B2619B40008AE2C /* Project object */ = {
			isa = PBXProject;
			attributes = {
				BuildIndependentTargetsInParallel = 1;
				LastSwiftUpdateCheck = 1500;
				LastUpgradeCheck = 1500;
				TargetAttributes = {
					4630C7562B2619B40008AE2C = {
						CreatedOnToolsVersion = 15.0.1;
					};
				};
			};
			buildConfigurationList = 4630C7522B2619B40008AE2C /* Build configuration list for PBXProject "GardeningApp" */;
			compatibilityVersion = "Xcode 14.0";
			developmentRegion = en;
			hasScannedForEncodings = 0;
			knownRegions = (
				en,
				Base,
			);
			mainGroup = 4630C74E2B2619B40008AE2C;
			packageReferences = (
				4630C7802B2633AE0008AE2C /* XCRemoteSwiftPackageReference "SnapKit" */,
				4630C7A32B2774F30008AE2C /* XCRemoteSwiftPackageReference "Alamofire" */,
				46CE46CE2B38A60D0013BA95 /* XCRemoteSwiftPackageReference "realm-swift" */,
			);
			productRefGroup = 4630C7582B2619B40008AE2C /* Products */;
			projectDirPath = "";
			projectRoot = "";
			targets = (
				4630C7562B2619B40008AE2C /* GardeningApp */,
			);
		};
/* End PBXProject section */

/* Begin PBXResourcesBuildPhase section */
		4630C7552B2619B40008AE2C /* Resources */ = {
			isa = PBXResourcesBuildPhase;
			buildActionMask = 2147483647;
			files = (
				4630C7672B2619B50008AE2C /* LaunchScreen.storyboard in Resources */,
				4630C7642B2619B50008AE2C /* Assets.xcassets in Resources */,
			);
			runOnlyForDeploymentPostprocessing = 0;
		};
/* End PBXResourcesBuildPhase section */

/* Begin PBXSourcesBuildPhase section */
		4630C7532B2619B40008AE2C /* Sources */ = {
			isa = PBXSourcesBuildPhase;
			buildActionMask = 2147483647;
			files = (
				464369E72B3DB9B000C8ECA4 /* CalendarCell.swift in Sources */,
				4630C7B92B28B1330008AE2C /* HomeModuleEventsDelegate.swift in Sources */,
				4630C7B72B28A2E90008AE2C /* WeatherInfoView.swift in Sources */,
				4630C7B22B289F370008AE2C /* ShadowImageView.swift in Sources */,
				468883A02B2CD44900B8CA80 /* GardenInfoModuleBuilder.swift in Sources */,
				4630C7B42B28A0C00008AE2C /* GreetingsView.swift in Sources */,
				468883A22B2CD44900B8CA80 /* GardenInfoRouter.swift in Sources */,
				464BCE402B359DC20016E126 /* PlantsTasksModuleBuilder.swift in Sources */,
				4630C77F2B262A460008AE2C /* ImageProvider.swift in Sources */,
				4630C7772B2623FD0008AE2C /* HomeModuleBuilder.swift in Sources */,
				464BCE432B359DC20016E126 /* PlantsTasksViewController.swift in Sources */,
				4630C7792B2623FD0008AE2C /* HomeRouter.swift in Sources */,
				468883902B2B145500B8CA80 /* CustomImageView.swift in Sources */,
				4630C7992B2767E50008AE2C /* Endpoints.swift in Sources */,
				4630C7AD2B287EE20008AE2C /* PlantViewModel.swift in Sources */,
				468883A12B2CD44900B8CA80 /* GardenInfoPresenter.swift in Sources */,
				4630C77B2B2623FD0008AE2C /* HomeInteractor.swift in Sources */,
				4630C7D82B28DFE90008AE2C /* CustomTextView.swift in Sources */,
				4630C7CC2B28B7D00008AE2C /* NewPlantModuleBuilder.swift in Sources */,
				4630C7CE2B28B7D00008AE2C /* NewPlantRouter.swift in Sources */,
				4630C7D02B28B7D00008AE2C /* NewPlantInteractor.swift in Sources */,
				4630C7AF2B289DD20008AE2C /* ButtonView.swift in Sources */,
				4630C7D42B28CBA20008AE2C /* CustomTextField.swift in Sources */,
				4630C75B2B2619B40008AE2C /* AppDelegate.swift in Sources */,
				468883A42B2CD44900B8CA80 /* GardenInfoInteractor.swift in Sources */,
				4630C79B2B276ED40008AE2C /* WeatherApiManager.swift in Sources */,
				4630C7782B2623FD0008AE2C /* HomePresenter.swift in Sources */,
				4630C77A2B2623FD0008AE2C /* HomeViewController.swift in Sources */,
				4630C7A82B286CF50008AE2C /* GardenHeader.swift in Sources */,
				4630C78F2B275A4F0008AE2C /* CustomImageButton.swift in Sources */,
				464BCE442B359DC20016E126 /* PlantsTasksInteractor.swift in Sources */,
				4630C7912B275AB70008AE2C /* CustomLabel.swift in Sources */,
				464BCE412B359DC20016E126 /* PlantsTasksPresenter.swift in Sources */,
				4630C75D2B2619B40008AE2C /* SceneDelegate.swift in Sources */,
				4669F1122B444AEA000ED694 /* TaskCell.swift in Sources */,
				4630C79E2B276FBE0008AE2C /* WeatherData.swift in Sources */,
				468883A32B2CD44900B8CA80 /* GardenInfoViewController.swift in Sources */,
				4630C7CD2B28B7D00008AE2C /* NewPlantPresenter.swift in Sources */,
				468883922B2B22E400B8CA80 /* PlantObject.swift in Sources */,
				4630C7CF2B28B7D00008AE2C /* NewPlantViewController.swift in Sources */,
				4630C7D62B28D1FD0008AE2C /* CustomTextButton.swift in Sources */,
				464BCE422B359DC20016E126 /* PlantsTasksRouter.swift in Sources */,
				4630C7932B27638B0008AE2C /* WeatherInfoSection.swift in Sources */,
				4630C7AB2B287A690008AE2C /* PlantCell.swift in Sources */,
				4630C7882B2755F40008AE2C /* GreetingProvider.swift in Sources */,
				4630C78D2B2757720008AE2C /* Extension+UIFont.swift in Sources */,
			);
			runOnlyForDeploymentPostprocessing = 0;
		};
/* End PBXSourcesBuildPhase section */

/* Begin PBXVariantGroup section */
		4630C7652B2619B50008AE2C /* LaunchScreen.storyboard */ = {
			isa = PBXVariantGroup;
			children = (
				4630C7662B2619B50008AE2C /* Base */,
			);
			name = LaunchScreen.storyboard;
			sourceTree = "<group>";
		};
/* End PBXVariantGroup section */

/* Begin XCBuildConfiguration section */
		4630C7692B2619B50008AE2C /* Debug */ = {
			isa = XCBuildConfiguration;
			buildSettings = {
				ALWAYS_SEARCH_USER_PATHS = NO;
				ASSETCATALOG_COMPILER_GENERATE_SWIFT_ASSET_SYMBOL_EXTENSIONS = YES;
				CLANG_ANALYZER_NONNULL = YES;
				CLANG_ANALYZER_NUMBER_OBJECT_CONVERSION = YES_AGGRESSIVE;
				CLANG_CXX_LANGUAGE_STANDARD = "gnu++20";
				CLANG_ENABLE_MODULES = YES;
				CLANG_ENABLE_OBJC_ARC = YES;
				CLANG_ENABLE_OBJC_WEAK = YES;
				CLANG_WARN_BLOCK_CAPTURE_AUTORELEASING = YES;
				CLANG_WARN_BOOL_CONVERSION = YES;
				CLANG_WARN_COMMA = YES;
				CLANG_WARN_CONSTANT_CONVERSION = YES;
				CLANG_WARN_DEPRECATED_OBJC_IMPLEMENTATIONS = YES;
				CLANG_WARN_DIRECT_OBJC_ISA_USAGE = YES_ERROR;
				CLANG_WARN_DOCUMENTATION_COMMENTS = YES;
				CLANG_WARN_EMPTY_BODY = YES;
				CLANG_WARN_ENUM_CONVERSION = YES;
				CLANG_WARN_INFINITE_RECURSION = YES;
				CLANG_WARN_INT_CONVERSION = YES;
				CLANG_WARN_NON_LITERAL_NULL_CONVERSION = YES;
				CLANG_WARN_OBJC_IMPLICIT_RETAIN_SELF = YES;
				CLANG_WARN_OBJC_LITERAL_CONVERSION = YES;
				CLANG_WARN_OBJC_ROOT_CLASS = YES_ERROR;
				CLANG_WARN_QUOTED_INCLUDE_IN_FRAMEWORK_HEADER = YES;
				CLANG_WARN_RANGE_LOOP_ANALYSIS = YES;
				CLANG_WARN_STRICT_PROTOTYPES = YES;
				CLANG_WARN_SUSPICIOUS_MOVE = YES;
				CLANG_WARN_UNGUARDED_AVAILABILITY = YES_AGGRESSIVE;
				CLANG_WARN_UNREACHABLE_CODE = YES;
				CLANG_WARN__DUPLICATE_METHOD_MATCH = YES;
				COPY_PHASE_STRIP = NO;
				DEBUG_INFORMATION_FORMAT = dwarf;
				ENABLE_STRICT_OBJC_MSGSEND = YES;
				ENABLE_TESTABILITY = YES;
				ENABLE_USER_SCRIPT_SANDBOXING = YES;
				GCC_C_LANGUAGE_STANDARD = gnu17;
				GCC_DYNAMIC_NO_PIC = NO;
				GCC_NO_COMMON_BLOCKS = YES;
				GCC_OPTIMIZATION_LEVEL = 0;
				GCC_PREPROCESSOR_DEFINITIONS = (
					"DEBUG=1",
					"$(inherited)",
				);
				GCC_WARN_64_TO_32_BIT_CONVERSION = YES;
				GCC_WARN_ABOUT_RETURN_TYPE = YES_ERROR;
				GCC_WARN_UNDECLARED_SELECTOR = YES;
				GCC_WARN_UNINITIALIZED_AUTOS = YES_AGGRESSIVE;
				GCC_WARN_UNUSED_FUNCTION = YES;
				GCC_WARN_UNUSED_VARIABLE = YES;
				IPHONEOS_DEPLOYMENT_TARGET = 16.4;
				LOCALIZATION_PREFERS_STRING_CATALOGS = YES;
				MTL_ENABLE_DEBUG_INFO = INCLUDE_SOURCE;
				MTL_FAST_MATH = YES;
				ONLY_ACTIVE_ARCH = YES;
				SDKROOT = iphoneos;
				SWIFT_ACTIVE_COMPILATION_CONDITIONS = "DEBUG $(inherited)";
				SWIFT_OPTIMIZATION_LEVEL = "-Onone";
			};
			name = Debug;
		};
		4630C76A2B2619B50008AE2C /* Release */ = {
			isa = XCBuildConfiguration;
			buildSettings = {
				ALWAYS_SEARCH_USER_PATHS = NO;
				ASSETCATALOG_COMPILER_GENERATE_SWIFT_ASSET_SYMBOL_EXTENSIONS = YES;
				CLANG_ANALYZER_NONNULL = YES;
				CLANG_ANALYZER_NUMBER_OBJECT_CONVERSION = YES_AGGRESSIVE;
				CLANG_CXX_LANGUAGE_STANDARD = "gnu++20";
				CLANG_ENABLE_MODULES = YES;
				CLANG_ENABLE_OBJC_ARC = YES;
				CLANG_ENABLE_OBJC_WEAK = YES;
				CLANG_WARN_BLOCK_CAPTURE_AUTORELEASING = YES;
				CLANG_WARN_BOOL_CONVERSION = YES;
				CLANG_WARN_COMMA = YES;
				CLANG_WARN_CONSTANT_CONVERSION = YES;
				CLANG_WARN_DEPRECATED_OBJC_IMPLEMENTATIONS = YES;
				CLANG_WARN_DIRECT_OBJC_ISA_USAGE = YES_ERROR;
				CLANG_WARN_DOCUMENTATION_COMMENTS = YES;
				CLANG_WARN_EMPTY_BODY = YES;
				CLANG_WARN_ENUM_CONVERSION = YES;
				CLANG_WARN_INFINITE_RECURSION = YES;
				CLANG_WARN_INT_CONVERSION = YES;
				CLANG_WARN_NON_LITERAL_NULL_CONVERSION = YES;
				CLANG_WARN_OBJC_IMPLICIT_RETAIN_SELF = YES;
				CLANG_WARN_OBJC_LITERAL_CONVERSION = YES;
				CLANG_WARN_OBJC_ROOT_CLASS = YES_ERROR;
				CLANG_WARN_QUOTED_INCLUDE_IN_FRAMEWORK_HEADER = YES;
				CLANG_WARN_RANGE_LOOP_ANALYSIS = YES;
				CLANG_WARN_STRICT_PROTOTYPES = YES;
				CLANG_WARN_SUSPICIOUS_MOVE = YES;
				CLANG_WARN_UNGUARDED_AVAILABILITY = YES_AGGRESSIVE;
				CLANG_WARN_UNREACHABLE_CODE = YES;
				CLANG_WARN__DUPLICATE_METHOD_MATCH = YES;
				COPY_PHASE_STRIP = NO;
				DEBUG_INFORMATION_FORMAT = "dwarf-with-dsym";
				ENABLE_NS_ASSERTIONS = NO;
				ENABLE_STRICT_OBJC_MSGSEND = YES;
				ENABLE_USER_SCRIPT_SANDBOXING = YES;
				GCC_C_LANGUAGE_STANDARD = gnu17;
				GCC_NO_COMMON_BLOCKS = YES;
				GCC_WARN_64_TO_32_BIT_CONVERSION = YES;
				GCC_WARN_ABOUT_RETURN_TYPE = YES_ERROR;
				GCC_WARN_UNDECLARED_SELECTOR = YES;
				GCC_WARN_UNINITIALIZED_AUTOS = YES_AGGRESSIVE;
				GCC_WARN_UNUSED_FUNCTION = YES;
				GCC_WARN_UNUSED_VARIABLE = YES;
				IPHONEOS_DEPLOYMENT_TARGET = 16.4;
				LOCALIZATION_PREFERS_STRING_CATALOGS = YES;
				MTL_ENABLE_DEBUG_INFO = NO;
				MTL_FAST_MATH = YES;
				SDKROOT = iphoneos;
				SWIFT_COMPILATION_MODE = wholemodule;
				VALIDATE_PRODUCT = YES;
			};
			name = Release;
		};
		4630C76C2B2619B50008AE2C /* Debug */ = {
			isa = XCBuildConfiguration;
			buildSettings = {
				ASSETCATALOG_COMPILER_APPICON_NAME = AppIcon;
				ASSETCATALOG_COMPILER_GLOBAL_ACCENT_COLOR_NAME = AccentColor;
				CODE_SIGN_STYLE = Automatic;
				CURRENT_PROJECT_VERSION = 1;
				DEVELOPMENT_TEAM = MG7VG49PJM;
				GENERATE_INFOPLIST_FILE = YES;
				INFOPLIST_FILE = GardeningApp/Resources/Info.plist;
				INFOPLIST_KEY_NSLocationAlwaysAndWhenInUseUsageDescription = "This app requires access to device's location";
				INFOPLIST_KEY_NSLocationUsageDescription = Description;
				INFOPLIST_KEY_NSLocationWhenInUseUsageDescription = "This app requires access to device's location";
				INFOPLIST_KEY_UIApplicationSupportsIndirectInputEvents = YES;
				INFOPLIST_KEY_UILaunchStoryboardName = LaunchScreen;
				INFOPLIST_KEY_UISupportedInterfaceOrientations = "UIInterfaceOrientationLandscapeLeft UIInterfaceOrientationLandscapeRight UIInterfaceOrientationPortrait UIInterfaceOrientationPortraitUpsideDown";
				INFOPLIST_KEY_UISupportedInterfaceOrientations_iPad = "UIInterfaceOrientationLandscapeLeft UIInterfaceOrientationLandscapeRight UIInterfaceOrientationPortrait";
				IPHONEOS_DEPLOYMENT_TARGET = 16.4;
				LD_RUNPATH_SEARCH_PATHS = (
					"$(inherited)",
					"@executable_path/Frameworks",
				);
				MARKETING_VERSION = 1.0;
				PRODUCT_BUNDLE_IDENTIFIER = app.GardeningApp;
				PRODUCT_NAME = "$(TARGET_NAME)";
				SWIFT_EMIT_LOC_STRINGS = YES;
				SWIFT_VERSION = 5.0;
				TARGETED_DEVICE_FAMILY = "1,2";
			};
			name = Debug;
		};
		4630C76D2B2619B50008AE2C /* Release */ = {
			isa = XCBuildConfiguration;
			buildSettings = {
				ASSETCATALOG_COMPILER_APPICON_NAME = AppIcon;
				ASSETCATALOG_COMPILER_GLOBAL_ACCENT_COLOR_NAME = AccentColor;
				CODE_SIGN_STYLE = Automatic;
				CURRENT_PROJECT_VERSION = 1;
				DEVELOPMENT_TEAM = MG7VG49PJM;
				GENERATE_INFOPLIST_FILE = YES;
				INFOPLIST_FILE = GardeningApp/Resources/Info.plist;
				INFOPLIST_KEY_NSLocationAlwaysAndWhenInUseUsageDescription = "This app requires access to device's location";
				INFOPLIST_KEY_NSLocationUsageDescription = Description;
				INFOPLIST_KEY_NSLocationWhenInUseUsageDescription = "This app requires access to device's location";
				INFOPLIST_KEY_UIApplicationSupportsIndirectInputEvents = YES;
				INFOPLIST_KEY_UILaunchStoryboardName = LaunchScreen;
				INFOPLIST_KEY_UISupportedInterfaceOrientations = "UIInterfaceOrientationLandscapeLeft UIInterfaceOrientationLandscapeRight UIInterfaceOrientationPortrait UIInterfaceOrientationPortraitUpsideDown";
				INFOPLIST_KEY_UISupportedInterfaceOrientations_iPad = "UIInterfaceOrientationLandscapeLeft UIInterfaceOrientationLandscapeRight UIInterfaceOrientationPortrait";
				IPHONEOS_DEPLOYMENT_TARGET = 16.4;
				LD_RUNPATH_SEARCH_PATHS = (
					"$(inherited)",
					"@executable_path/Frameworks",
				);
				MARKETING_VERSION = 1.0;
				PRODUCT_BUNDLE_IDENTIFIER = app.GardeningApp;
				PRODUCT_NAME = "$(TARGET_NAME)";
				SWIFT_EMIT_LOC_STRINGS = YES;
				SWIFT_VERSION = 5.0;
				TARGETED_DEVICE_FAMILY = "1,2";
			};
			name = Release;
		};
/* End XCBuildConfiguration section */

/* Begin XCConfigurationList section */
		4630C7522B2619B40008AE2C /* Build configuration list for PBXProject "GardeningApp" */ = {
			isa = XCConfigurationList;
			buildConfigurations = (
				4630C7692B2619B50008AE2C /* Debug */,
				4630C76A2B2619B50008AE2C /* Release */,
			);
			defaultConfigurationIsVisible = 0;
			defaultConfigurationName = Release;
		};
		4630C76B2B2619B50008AE2C /* Build configuration list for PBXNativeTarget "GardeningApp" */ = {
			isa = XCConfigurationList;
			buildConfigurations = (
				4630C76C2B2619B50008AE2C /* Debug */,
				4630C76D2B2619B50008AE2C /* Release */,
			);
			defaultConfigurationIsVisible = 0;
			defaultConfigurationName = Release;
		};
/* End XCConfigurationList section */

/* Begin XCRemoteSwiftPackageReference section */
		4630C7802B2633AE0008AE2C /* XCRemoteSwiftPackageReference "SnapKit" */ = {
			isa = XCRemoteSwiftPackageReference;
			repositoryURL = "https://github.com/SnapKit/SnapKit";
			requirement = {
				kind = upToNextMajorVersion;
				minimumVersion = 5.6.0;
			};
		};
		4630C7A32B2774F30008AE2C /* XCRemoteSwiftPackageReference "Alamofire" */ = {
			isa = XCRemoteSwiftPackageReference;
			repositoryURL = "https://github.com/Alamofire/Alamofire";
			requirement = {
				kind = upToNextMajorVersion;
				minimumVersion = 5.8.1;
			};
		};
		46CE46CE2B38A60D0013BA95 /* XCRemoteSwiftPackageReference "realm-swift" */ = {
			isa = XCRemoteSwiftPackageReference;
			repositoryURL = "https://github.com/realm/realm-swift";
			requirement = {
				branch = master;
				kind = branch;
			};
		};
/* End XCRemoteSwiftPackageReference section */

/* Begin XCSwiftPackageProductDependency section */
		4630C7812B2633AE0008AE2C /* SnapKit */ = {
			isa = XCSwiftPackageProductDependency;
			package = 4630C7802B2633AE0008AE2C /* XCRemoteSwiftPackageReference "SnapKit" */;
			productName = SnapKit;
		};
		4630C7A42B2774F30008AE2C /* Alamofire */ = {
			isa = XCSwiftPackageProductDependency;
			package = 4630C7A32B2774F30008AE2C /* XCRemoteSwiftPackageReference "Alamofire" */;
			productName = Alamofire;
		};
		46CE46CF2B38A60D0013BA95 /* Realm */ = {
			isa = XCSwiftPackageProductDependency;
			package = 46CE46CE2B38A60D0013BA95 /* XCRemoteSwiftPackageReference "realm-swift" */;
			productName = Realm;
		};
		46CE46D12B38A60D0013BA95 /* RealmSwift */ = {
			isa = XCSwiftPackageProductDependency;
			package = 46CE46CE2B38A60D0013BA95 /* XCRemoteSwiftPackageReference "realm-swift" */;
			productName = RealmSwift;
		};
/* End XCSwiftPackageProductDependency section */
	};
	rootObject = 4630C74F2B2619B40008AE2C /* Project object */;
}
